
Microsoft Visual Studio Solution File, Format Version 12.00
# Visual Studio Version 17
VisualStudioVersion = 17.3.32804.467
MinimumVisualStudioVersion = 10.0.40219.1
Project("{8BC9CEB8-8B4A-11D0-8D11-00A0C91BC942}") = "GameEngine", "GameEngine\GameEngine.vcxproj", "{F9E993DC-529D-4B82-B6B9-E6B95B2AAEC2}"
EndProject
Project("{8BC9CEB8-8B4A-11D0-8D11-00A0C91BC942}") = "Startup", "Startup\Startup.vcxproj", "{C7658C58-D512-460D-B96A-DDD316614965}"
	ProjectSection(ProjectDependencies) = postProject
		{F9E993DC-529D-4B82-B6B9-E6B95B2AAEC2} = {F9E993DC-529D-4B82-B6B9-E6B95B2AAEC2}
	EndProjectSection
EndProject
Global
	GlobalSection(SolutionConfigurationPlatforms) = preSolution
		Debug|x64 = Debug|x64
		Debug|x86 = Debug|x86
		Release|x64 = Release|x64
		Release|x86 = Release|x86
	EndGlobalSection
	GlobalSection(ProjectConfigurationPlatforms) = postSolution
		{F9E993DC-529D-4B82-B6B9-E6B95B2AAEC2}.Debug|x64.ActiveCfg = Debug|x64
		{F9E993DC-529D-4B82-B6B9-E6B95B2AAEC2}.Debug|x64.Build.0 = Debug|x64
		{F9E993DC-529D-4B82-B6B9-E6B95B2AAEC2}.Debug|x86.ActiveCfg = Debug|Win32
		{F9E993DC-529D-4B82-B6B9-E6B95B2AAEC2}.Debug|x86.Build.0 = Debug|Win32
		{F9E993DC-529D-4B82-B6B9-E6B95B2AAEC2}.Release|x64.ActiveCfg = Release|x64
		{F9E993DC-529D-4B82-B6B9-E6B95B2AAEC2}.Release|x64.Build.0 = Release|x64
		{F9E993DC-529D-4B82-B6B9-E6B95B2AAEC2}.Release|x86.ActiveCfg = Release|Win32
		{F9E993DC-529D-4B82-B6B9-E6B95B2AAEC2}.Release|x86.Build.0 = Release|Win32
		{C7658C58-D512-460D-B96A-DDD316614965}.Debug|x64.ActiveCfg = Debug|x64
		{C7658C58-D512-460D-B96A-DDD316614965}.Debug|x64.Build.0 = Debug|x64
		{C7658C58-D512-460D-B96A-DDD316614965}.Debug|x86.ActiveCfg = Debug|Win32
		{C7658C58-D512-460D-B96A-DDD316614965}.Debug|x86.Build.0 = Debug|Win32
		{C7658C58-D512-460D-B96A-DDD316614965}.Release|x64.ActiveCfg = Release|x64
		{C7658C58-D512-460D-B96A-DDD316614965}.Release|x64.Build.0 = Release|x64
		{C7658C58-D512-460D-B96A-DDD316614965}.Release|x86.ActiveCfg = Release|Win32
		{C7658C58-D512-460D-B96A-DDD316614965}.Release|x86.Build.0 = Release|Win32
	EndGlobalSection
	GlobalSection(SolutionProperties) = preSolution
		HideSolutionNode = FALSE
	EndGlobalSection
	GlobalSection(ExtensibilityGlobals) = postSolution
		SolutionGuid = {12C6CC93-F601-49C3-A48F-0C2E853B1FEB}
	EndGlobalSection
EndGlobal
